
Microsoft Visual Studio Solution File, Format Version 12.00
# Visual Studio 15
VisualStudioVersion = 15.0.28307.757
MinimumVisualStudioVersion = 10.0.40219.1
Project("{FAE04EC0-301F-11D3-BF4B-00C04F79EFBC}") = "PrimerParcialWF_DannyB", "PrimerParcialWF_DannyB\PrimerParcialWF_DannyB.csproj", "{67DD0920-A762-42DE-ACFC-C288815D84BB}"
EndProject
Global
	GlobalSection(SolutionConfigurationPlatforms) = preSolution
		Debug|Any CPU = Debug|Any CPU
		Release|Any CPU = Release|Any CPU
	EndGlobalSection
	GlobalSection(ProjectConfigurationPlatforms) = postSolution
		{67DD0920-A762-42DE-ACFC-C288815D84BB}.Debug|Any CPU.ActiveCfg = Debug|Any CPU
		{67DD0920-A762-42DE-ACFC-C288815D84BB}.Debug|Any CPU.Build.0 = Debug|Any CPU
		{67DD0920-A762-42DE-ACFC-C288815D84BB}.Release|Any CPU.ActiveCfg = Release|Any CPU
		{67DD0920-A762-42DE-ACFC-C288815D84BB}.Release|Any CPU.Build.0 = Release|Any CPU
	EndGlobalSection
	GlobalSection(SolutionProperties) = preSolution
		HideSolutionNode = FALSE
	EndGlobalSection
	GlobalSection(ExtensibilityGlobals) = postSolution
		SolutionGuid = {CD90A925-3DA3-42A6-B27E-CCFB55FF4E43}
	EndGlobalSection
EndGlobal
